{
  "name": "homeworks-node",
  "lockfileVersion": 2,
  "requires": true,
  "packages": {
    "": {
      "dependencies": {
        "nvm": "^0.0.4",
        "nvn": "^0.0.1"
      }
    },
    "node_modules/nvm": {
      "version": "0.0.4",
      "resolved": "https://registry.npmjs.org/nvm/-/nvm-0.0.4.tgz",
      "integrity": "sha512-jvmyELykYcdyd0VCGY0E8Aqe5MngEasVvlPvrcJHbwBMUbVqa72mPdQuPzyTcykEtEx7jDrMY0QA5MoV+8EhgA==",
      "deprecated": "This is NOT the correct nvm. Visit https://nvm.sh and use the curl command to install it.",
      "bin": {
        "nvm": "bin/nvm"
      }
    },
    "node_modules/nvn": {
      "version": "0.0.1",
      "resolved": "https://registry.npmjs.org/nvn/-/nvn-0.0.1.tgz",
      "integrity": "sha512-rOtqa/kTVu4bDea5cB5o3ev/+JJ3W8zQj7MKtx/2X+Az5ogm3PBHtEFms9GMlFyCb3XNp+Lik/KbBzE+SB8+ag=="
    }
  },
  "dependencies": {
    "nvm": {
      "version": "0.0.4",
      "resolved": "https://registry.npmjs.org/nvm/-/nvm-0.0.4.tgz",
      "integrity": "sha512-jvmyELykYcdyd0VCGY0E8Aqe5MngEasVvlPvrcJHbwBMUbVqa72mPdQuPzyTcykEtEx7jDrMY0QA5MoV+8EhgA=="
    },
    "nvn": {
      "version": "0.0.1",
      "resolved": "https://registry.npmjs.org/nvn/-/nvn-0.0.1.tgz",
      "integrity": "sha512-rOtqa/kTVu4bDea5cB5o3ev/+JJ3W8zQj7MKtx/2X+Az5ogm3PBHtEFms9GMlFyCb3XNp+Lik/KbBzE+SB8+ag=="
    }
  }
}
